
Microsoft Visual Studio Solution File, Format Version 12.00
# Visual Studio Version 17
VisualStudioVersion = 17.9.34701.34
MinimumVisualStudioVersion = 10.0.40219.1
Project("{FAE04EC0-301F-11D3-BF4B-00C04F79EFBC}") = "BarberOS", "BarberOS\BarberOS.csproj", "{6DF11929-485C-4711-9209-63FD361AED05}"
EndProject
Project("{54435603-DBB4-11D2-8724-00A0C9A8B90C}") = "BOInstall", "BOInstall\BOInstall.vdproj", "{E9584231-7C31-4C9B-BCAA-D23DD4CA6E67}"
EndProject
Global
	GlobalSection(SolutionConfigurationPlatforms) = preSolution
		Debug|Any CPU = Debug|Any CPU
		Release|Any CPU = Release|Any CPU
	EndGlobalSection
	GlobalSection(ProjectConfigurationPlatforms) = postSolution
		{6DF11929-485C-4711-9209-63FD361AED05}.Debug|Any CPU.ActiveCfg = Release|Any CPU
		{6DF11929-485C-4711-9209-63FD361AED05}.Debug|Any CPU.Build.0 = Release|Any CPU
		{6DF11929-485C-4711-9209-63FD361AED05}.Release|Any CPU.ActiveCfg = Release|Any CPU
		{6DF11929-485C-4711-9209-63FD361AED05}.Release|Any CPU.Build.0 = Release|Any CPU
		{E9584231-7C31-4C9B-BCAA-D23DD4CA6E67}.Debug|Any CPU.ActiveCfg = Debug
		{E9584231-7C31-4C9B-BCAA-D23DD4CA6E67}.Release|Any CPU.ActiveCfg = Release
	EndGlobalSection
	GlobalSection(SolutionProperties) = preSolution
		HideSolutionNode = FALSE
	EndGlobalSection
	GlobalSection(ExtensibilityGlobals) = postSolution
		SolutionGuid = {07D43B2B-6F37-4E43-AB21-2532E50852D0}
	EndGlobalSection
EndGlobal
